PODS:
  - Armchair (0.3.7)
  - DynamicBlurView (4.1.0)
  - paper-onboarding (6.1.5)
  - PopupDialog (1.1.1):
    - DynamicBlurView (~> 4.0)
  - SCLAlertView (0.8)
  - TableViewDragger (1.3.0)

DEPENDENCIES:
  - Armchair
  - paper-onboarding
  - PopupDialog
  - SCLAlertView
  - TableViewDragger

SPEC REPOS:
  trunk:
    - Armchair
    - DynamicBlurView
    - paper-onboarding
    - PopupDialog
    - SCLAlertView
    - TableViewDragger

SPEC CHECKSUMS:
  Armchair: ea2da13f78515da627bd63d9540bd58a50e71562
  DynamicBlurView: 58e18fae80bb614e34681a4486870e7d257b62e8
  paper-onboarding: fede1799b1da6988f3788e3b71654583c6f3bce1
  PopupDialog: 720c92befd8bc23c13442254945213db5612f149
  SCLAlertView: 6a77bb2edfc65e04dbe57725546cb4107a506b85
  TableViewDragger: 5933729a18d1606e16388d72f6d4fe5f3a0bcaf4

PODFILE CHECKSUM: ea91295581999cb1452425d11034a77e4cdc12f5

COCOAPODS: 1.10.1
