{
  "object": {
    "pins": [
      {
        "package": "Siren",
        "repositoryURL": "https://github.com/ArtSabintsev/Siren.git",
        "state": {
          "branch": null,
          "revision": "9173fc529731705a737658b2801ccbc19dd385c8",
          "version": "5.8.1"
        }
      },
      {
        "package": "BigNumber",
        "repositoryURL": "https://github.com/mkrd/Swift-BigInt.git",
        "state": {
          "branch": null,
          "revision": "9454066da1ed55fb976bda252b7060dbd659e61a",
          "version": "2.1.1"
        }
      }
    ]
  },
  "version": 1
}
